
Microsoft Visual Studio Solution File, Format Version 12.00
# Visual Studio Version 16
VisualStudioVersion = 16.0.29519.87
MinimumVisualStudioVersion = 10.0.40219.1
Project("{FAE04EC0-301F-11D3-BF4B-00C04F79EFBC}") = "Example.StarWars.Web", "Example.StarWars.Web\Example.StarWars.Web.csproj", "{D332339F-060F-4AF6-9578-22C73C696E8B}"
EndProject
Project("{FAE04EC0-301F-11D3-BF4B-00C04F79EFBC}") = "Example.StarWars.Core", "Example.StarWars.Core\Example.StarWars.Core.csproj", "{222B2288-637C-4B4A-91D7-F9BAA1945F62}"
EndProject
Project("{FAE04EC0-301F-11D3-BF4B-00C04F79EFBC}") = "Example.StarWars.Infrastructure", "Example.StarWars.Infrastructure\Example.StarWars.Infrastructure.csproj", "{A579F7E9-E66B-4877-B3D7-42089DBF72C6}"
EndProject
Global
	GlobalSection(SolutionConfigurationPlatforms) = preSolution
		Debug|Any CPU = Debug|Any CPU
		Release|Any CPU = Release|Any CPU
	EndGlobalSection
	GlobalSection(ProjectConfigurationPlatforms) = postSolution
		{D332339F-060F-4AF6-9578-22C73C696E8B}.Debug|Any CPU.ActiveCfg = Debug|Any CPU
		{D332339F-060F-4AF6-9578-22C73C696E8B}.Debug|Any CPU.Build.0 = Debug|Any CPU
		{D332339F-060F-4AF6-9578-22C73C696E8B}.Release|Any CPU.ActiveCfg = Release|Any CPU
		{D332339F-060F-4AF6-9578-22C73C696E8B}.Release|Any CPU.Build.0 = Release|Any CPU
		{222B2288-637C-4B4A-91D7-F9BAA1945F62}.Debug|Any CPU.ActiveCfg = Debug|Any CPU
		{222B2288-637C-4B4A-91D7-F9BAA1945F62}.Debug|Any CPU.Build.0 = Debug|Any CPU
		{222B2288-637C-4B4A-91D7-F9BAA1945F62}.Release|Any CPU.ActiveCfg = Release|Any CPU
		{222B2288-637C-4B4A-91D7-F9BAA1945F62}.Release|Any CPU.Build.0 = Release|Any CPU
		{A579F7E9-E66B-4877-B3D7-42089DBF72C6}.Debug|Any CPU.ActiveCfg = Debug|Any CPU
		{A579F7E9-E66B-4877-B3D7-42089DBF72C6}.Debug|Any CPU.Build.0 = Debug|Any CPU
		{A579F7E9-E66B-4877-B3D7-42089DBF72C6}.Release|Any CPU.ActiveCfg = Release|Any CPU
		{A579F7E9-E66B-4877-B3D7-42089DBF72C6}.Release|Any CPU.Build.0 = Release|Any CPU
	EndGlobalSection
	GlobalSection(SolutionProperties) = preSolution
		HideSolutionNode = FALSE
	EndGlobalSection
	GlobalSection(ExtensibilityGlobals) = postSolution
		SolutionGuid = {84B00A6D-3F08-42D1-BBF8-42FD163BC2E3}
	EndGlobalSection
EndGlobal
